
Microsoft Visual Studio Solution File, Format Version 12.00
# Visual Studio Version 18
VisualStudioVersion = 18.9.12120.119 stable
MinimumVisualStudioVersion = 10.0.40219.1
Project("{FAE04EC0-301F-11D3-BF4B-00C04F79EFBC}") = "LinkLynx.Build", "LinkLynx.Build\LinkLynx.Build.csproj", "{393F3CCC-AA4D-48B8-8C5A-9D00C009BF3A}"
EndProject
Project("{FAE04EC0-301F-11D3-BF4B-00C04F79EFBC}") = "LinkLynx.Engine", "LinkLynx.Engine\LinkLynx.Engine.csproj", "{6A9CDF46-A45B-4214-AABF-A9F813119D92}"
EndProject
Project("{FAE04EC0-301F-11D3-BF4B-00C04F79EFBC}") = "LinkLynx.Core", "LinkLynx.Core\LinkLynx.Core.csproj", "{CBA2CADA-ECA2-42CB-A16F-0B0AED9E8E68}"
EndProject
Project("{FAE04EC0-301F-11D3-BF4B-00C04F79EFBC}") = "LinkLynx.Serialization", "LinkLynx.Serialization\LinkLynx.Serialization.csproj", "{17F6C187-4900-4E91-AE4D-786C3CFD6F16}"
EndProject
Project("{FAE04EC0-301F-11D3-BF4B-00C04F79EFBC}") = "LinkLynx.Platform", "LinkLynx.Platform\LinkLynx.Platform.csproj", "{5EE6B30E-5F1F-4DE3-9315-57251BDCE365}"
EndProject
Project("{FAE04EC0-301F-11D3-BF4B-00C04F79EFBC}") = "LinkLynx.Runtime.Processor", "LinkLynx.Runtime.Processor\LinkLynx.Runtime.Processor.csproj", "{343E354F-893E-42FB-9853-846C5DE03560}"
EndProject
Project("{FAE04EC0-301F-11D3-BF4B-00C04F79EFBC}") = "LinkLynx.Nodes", "LinkLynx.Nodes\LinkLynx.Nodes.csproj", "{47069D8B-BCBD-4DA2-A6A2-362A19E0430B}"
EndProject
Project("{FAE04EC0-301F-11D3-BF4B-00C04F79EFBC}") = "LinkLynx.Nodes.Default", "LinkLynx.Nodes.Default\LinkLynx.Nodes.Default.csproj", "{910D7645-0D91-450B-A529-B7F5F5E06EFC}"
EndProject
Project("{FAE04EC0-301F-11D3-BF4B-00C04F79EFBC}") = "LinkLynx.Nodes.Crestron", "LinkLynx.Nodes.Crestron\LinkLynx.Nodes.Crestron.csproj", "{1848930A-484E-4C31-A79B-9361A61F95C9}"
EndProject
Project("{FAE04EC0-301F-11D3-BF4B-00C04F79EFBC}") = "LinkLynx.Platform.Desktop", "LinkLynx.Platform.Desktop\LinkLynx.Platform.Desktop.csproj", "{5101F5AD-2AC8-4B39-AFB1-988B1DC30860}"
EndProject
Project("{FAE04EC0-301F-11D3-BF4B-00C04F79EFBC}") = "LinkLynx.Platform.Crestron", "LinkLynx.Platform.Crestron\LinkLynx.Platform.Crestron.csproj", "{E59E842A-E558-4087-AC06-9E3CFFCB8614}"
EndProject
Project("{2150E333-8FDC-42A3-9474-1A3956D46DE8}") = "Solution Items", "Solution Items", "{8EC462FD-D22E-90A8-E5CE-7E832BA40C5D}"
	ProjectSection(SolutionItems) = preProject
		Directory.Build.props = Directory.Build.props
	EndProjectSection
EndProject
Project("{FAE04EC0-301F-11D3-BF4B-00C04F79EFBC}") = "LinkLynx.Desktop", "LinkLynx.Desktop\LinkLynx.Desktop.csproj", "{FDB4C20A-45FD-4F0B-9B6B-23370FAB0683}"
EndProject
Global
	GlobalSection(SolutionConfigurationPlatforms) = preSolution
		Debug|Any CPU = Debug|Any CPU
		Release|Any CPU = Release|Any CPU
	EndGlobalSection
	GlobalSection(ProjectConfigurationPlatforms) = postSolution
		{393F3CCC-AA4D-48B8-8C5A-9D00C009BF3A}.Debug|Any CPU.ActiveCfg = Debug|Any CPU
		{393F3CCC-AA4D-48B8-8C5A-9D00C009BF3A}.Debug|Any CPU.Build.0 = Debug|Any CPU
		{393F3CCC-AA4D-48B8-8C5A-9D00C009BF3A}.Release|Any CPU.ActiveCfg = Release|Any CPU
		{393F3CCC-AA4D-48B8-8C5A-9D00C009BF3A}.Release|Any CPU.Build.0 = Release|Any CPU
		{6A9CDF46-A45B-4214-AABF-A9F813119D92}.Debug|Any CPU.ActiveCfg = Debug|Any CPU
		{6A9CDF46-A45B-4214-AABF-A9F813119D92}.Debug|Any CPU.Build.0 = Debug|Any CPU
		{6A9CDF46-A45B-4214-AABF-A9F813119D92}.Release|Any CPU.ActiveCfg = Release|Any CPU
		{6A9CDF46-A45B-4214-AABF-A9F813119D92}.Release|Any CPU.Build.0 = Release|Any CPU
		{CBA2CADA-ECA2-42CB-A16F-0B0AED9E8E68}.Debug|Any CPU.ActiveCfg = Debug|Any CPU
		{CBA2CADA-ECA2-42CB-A16F-0B0AED9E8E68}.Debug|Any CPU.Build.0 = Debug|Any CPU
		{CBA2CADA-ECA2-42CB-A16F-0B0AED9E8E68}.Release|Any CPU.ActiveCfg = Release|Any CPU
		{CBA2CADA-ECA2-42CB-A16F-0B0AED9E8E68}.Release|Any CPU.Build.0 = Release|Any CPU
		{17F6C187-4900-4E91-AE4D-786C3CFD6F16}.Debug|Any CPU.ActiveCfg = Debug|Any CPU
		{17F6C187-4900-4E91-AE4D-786C3CFD6F16}.Debug|Any CPU.Build.0 = Debug|Any CPU
		{17F6C187-4900-4E91-AE4D-786C3CFD6F16}.Release|Any CPU.ActiveCfg = Release|Any CPU
		{17F6C187-4900-4E91-AE4D-786C3CFD6F16}.Release|Any CPU.Build.0 = Release|Any CPU
		{5EE6B30E-5F1F-4DE3-9315-57251BDCE365}.Debug|Any CPU.ActiveCfg = Debug|Any CPU
		{5EE6B30E-5F1F-4DE3-9315-57251BDCE365}.Debug|Any CPU.Build.0 = Debug|Any CPU
		{5EE6B30E-5F1F-4DE3-9315-57251BDCE365}.Release|Any CPU.ActiveCfg = Release|Any CPU
		{5EE6B30E-5F1F-4DE3-9315-57251BDCE365}.Release|Any CPU.Build.0 = Release|Any CPU
		{343E354F-893E-42FB-9853-846C5DE03560}.Debug|Any CPU.ActiveCfg = Debug|Any CPU
		{343E354F-893E-42FB-9853-846C5DE03560}.Debug|Any CPU.Build.0 = Debug|Any CPU
		{343E354F-893E-42FB-9853-846C5DE03560}.Release|Any CPU.ActiveCfg = Release|Any CPU
		{343E354F-893E-42FB-9853-846C5DE03560}.Release|Any CPU.Build.0 = Release|Any CPU
		{47069D8B-BCBD-4DA2-A6A2-362A19E0430B}.Debug|Any CPU.ActiveCfg = Debug|Any CPU
		{47069D8B-BCBD-4DA2-A6A2-362A19E0430B}.Debug|Any CPU.Build.0 = Debug|Any CPU
		{47069D8B-BCBD-4DA2-A6A2-362A19E0430B}.Release|Any CPU.ActiveCfg = Release|Any CPU
		{47069D8B-BCBD-4DA2-A6A2-362A19E0430B}.Release|Any CPU.Build.0 = Release|Any CPU
		{910D7645-0D91-450B-A529-B7F5F5E06EFC}.Debug|Any CPU.ActiveCfg = Debug|Any CPU
		{910D7645-0D91-450B-A529-B7F5F5E06EFC}.Debug|Any CPU.Build.0 = Debug|Any CPU
		{910D7645-0D91-450B-A529-B7F5F5E06EFC}.Release|Any CPU.ActiveCfg = Release|Any CPU
		{910D7645-0D91-450B-A529-B7F5F5E06EFC}.Release|Any CPU.Build.0 = Release|Any CPU
		{1848930A-484E-4C31-A79B-9361A61F95C9}.Debug|Any CPU.ActiveCfg = Debug|Any CPU
		{1848930A-484E-4C31-A79B-9361A61F95C9}.Debug|Any CPU.Build.0 = Debug|Any CPU
		{1848930A-484E-4C31-A79B-9361A61F95C9}.Release|Any CPU.ActiveCfg = Release|Any CPU
		{1848930A-484E-4C31-A79B-9361A61F95C9}.Release|Any CPU.Build.0 = Release|Any CPU
		{5101F5AD-2AC8-4B39-AFB1-988B1DC30860}.Debug|Any CPU.ActiveCfg = Debug|Any CPU
		{5101F5AD-2AC8-4B39-AFB1-988B1DC30860}.Debug|Any CPU.Build.0 = Debug|Any CPU
		{5101F5AD-2AC8-4B39-AFB1-988B1DC30860}.Release|Any CPU.ActiveCfg = Release|Any CPU
		{5101F5AD-2AC8-4B39-AFB1-988B1DC30860}.Release|Any CPU.Build.0 = Release|Any CPU
		{E59E842A-E558-4087-AC06-9E3CFFCB8614}.Debug|Any CPU.ActiveCfg = Debug|Any CPU
		{E59E842A-E558-4087-AC06-9E3CFFCB8614}.Debug|Any CPU.Build.0 = Debug|Any CPU
		{E59E842A-E558-4087-AC06-9E3CFFCB8614}.Release|Any CPU.ActiveCfg = Release|Any CPU
		{E59E842A-E558-4087-AC06-9E3CFFCB8614}.Release|Any CPU.Build.0 = Release|Any CPU
		{FDB4C20A-45FD-4F0B-9B6B-23370FAB0683}.Debug|Any CPU.ActiveCfg = Debug|Any CPU
		{FDB4C20A-45FD-4F0B-9B6B-23370FAB0683}.Debug|Any CPU.Build.0 = Debug|Any CPU
		{FDB4C20A-45FD-4F0B-9B6B-23370FAB0683}.Release|Any CPU.ActiveCfg = Release|Any CPU
		{FDB4C20A-45FD-4F0B-9B6B-23370FAB0683}.Release|Any CPU.Build.0 = Release|Any CPU
	EndGlobalSection
	GlobalSection(SolutionProperties) = preSolution
		HideSolutionNode = FALSE
	EndGlobalSection
	GlobalSection(ExtensibilityGlobals) = postSolution
		SolutionGuid = {554792EE-26C3-4F0D-B50B-6346BA9F8DC9}
	EndGlobalSection
EndGlobal
