
Microsoft Visual Studio Solution File, Format Version 12.00
# Visual Studio Version 17
VisualStudioVersion = 17.14.36301.6
MinimumVisualStudioVersion = 10.0.40219.1
Project("{FAE04EC0-301F-11D3-BF4B-00C04F79EFBC}") = "LinkLynx", "LinkLynx.csproj", "{5DC84B7B-E1EE-41A4-B0BE-084261798230}"
EndProject
Project("{FAE04EC0-301F-11D3-BF4B-00C04F79EFBC}") = "LinkLynx.Tests", "LinkLynx.Tests\LinkLynx.Tests.csproj", "{F84DECC0-587C-46DD-ABEB-25543BE09733}"
EndProject
Global
	GlobalSection(SolutionConfigurationPlatforms) = preSolution
		Debug|Any CPU = Debug|Any CPU
		Debug|x64 = Debug|x64
		Debug|x86 = Debug|x86
		Release|Any CPU = Release|Any CPU
		Release|x64 = Release|x64
		Release|x86 = Release|x86
	EndGlobalSection
	GlobalSection(ProjectConfigurationPlatforms) = postSolution
		{5DC84B7B-E1EE-41A4-B0BE-084261798230}.Debug|Any CPU.ActiveCfg = Debug|Any CPU
		{5DC84B7B-E1EE-41A4-B0BE-084261798230}.Debug|Any CPU.Build.0 = Debug|Any CPU
		{5DC84B7B-E1EE-41A4-B0BE-084261798230}.Debug|x64.ActiveCfg = Debug|Any CPU
		{5DC84B7B-E1EE-41A4-B0BE-084261798230}.Debug|x64.Build.0 = Debug|Any CPU
		{5DC84B7B-E1EE-41A4-B0BE-084261798230}.Debug|x86.ActiveCfg = Debug|Any CPU
		{5DC84B7B-E1EE-41A4-B0BE-084261798230}.Debug|x86.Build.0 = Debug|Any CPU
		{5DC84B7B-E1EE-41A4-B0BE-084261798230}.Release|Any CPU.ActiveCfg = Release|Any CPU
		{5DC84B7B-E1EE-41A4-B0BE-084261798230}.Release|Any CPU.Build.0 = Release|Any CPU
		{5DC84B7B-E1EE-41A4-B0BE-084261798230}.Release|x64.ActiveCfg = Release|Any CPU
		{5DC84B7B-E1EE-41A4-B0BE-084261798230}.Release|x64.Build.0 = Release|Any CPU
		{5DC84B7B-E1EE-41A4-B0BE-084261798230}.Release|x86.ActiveCfg = Release|Any CPU
		{5DC84B7B-E1EE-41A4-B0BE-084261798230}.Release|x86.Build.0 = Release|Any CPU
		{F84DECC0-587C-46DD-ABEB-25543BE09733}.Debug|Any CPU.ActiveCfg = Debug|Any CPU
		{F84DECC0-587C-46DD-ABEB-25543BE09733}.Debug|Any CPU.Build.0 = Debug|Any CPU
		{F84DECC0-587C-46DD-ABEB-25543BE09733}.Debug|x64.ActiveCfg = Debug|Any CPU
		{F84DECC0-587C-46DD-ABEB-25543BE09733}.Debug|x64.Build.0 = Debug|Any CPU
		{F84DECC0-587C-46DD-ABEB-25543BE09733}.Debug|x86.ActiveCfg = Debug|Any CPU
		{F84DECC0-587C-46DD-ABEB-25543BE09733}.Debug|x86.Build.0 = Debug|Any CPU
		{F84DECC0-587C-46DD-ABEB-25543BE09733}.Release|Any CPU.ActiveCfg = Release|Any CPU
		{F84DECC0-587C-46DD-ABEB-25543BE09733}.Release|Any CPU.Build.0 = Release|Any CPU
		{F84DECC0-587C-46DD-ABEB-25543BE09733}.Release|x64.ActiveCfg = Release|Any CPU
		{F84DECC0-587C-46DD-ABEB-25543BE09733}.Release|x64.Build.0 = Release|Any CPU
		{F84DECC0-587C-46DD-ABEB-25543BE09733}.Release|x86.ActiveCfg = Release|Any CPU
		{F84DECC0-587C-46DD-ABEB-25543BE09733}.Release|x86.Build.0 = Release|Any CPU
	EndGlobalSection
	GlobalSection(SolutionProperties) = preSolution
		HideSolutionNode = FALSE
	EndGlobalSection
	GlobalSection(ExtensibilityGlobals) = postSolution
		SolutionGuid = {8333BA33-5DBD-46CB-9384-AC26AF4B961A}
	EndGlobalSection
EndGlobal
